// !$*UTF8*$!
{
	archiveVersion = 1;
	classes = {
	};
	objectVersion = 77;
	objects = {

/* Begin PBXBuildFile section */
		3AD2FD11300E031E00D63C45 /* DeviceActivity.framework in Frameworks */ = {isa = PBXBuildFile; fileRef = 3AD2FD10300E031E00D63C45 /* DeviceActivity.framework */; };
		3AD2FD19300E031E00D63C45 /* MindfulActivityMonitor.appex in Embed Foundation Extensions */ = {isa = PBXBuildFile; fileRef = 3AD2FD0E300E031E00D63C45 /* MindfulActivityMonitor.appex */; settings = {ATTRIBUTES = (RemoveHeadersOnCopy, ); }; };
		3AFBAF682E7E9A05009F0990 /* mindfulReportExtension.appex in Embed ExtensionKit Extensions */ = {isa = PBXBuildFile; fileRef = 3AFBAF5C2E7E9A05009F0990 /* mindfulReportExtension.appex */; settings = {ATTRIBUTES = (RemoveHeadersOnCopy, ); }; };
/* End PBXBuildFile section */

/* Begin PBXContainerItemProxy section */
		3AD2FD17300E031E00D63C45 /* PBXContainerItemProxy */ = {
			isa = PBXContainerItemProxy;
			containerPortal = 3AFBAF152E7E9911009F0990 /* Project object */;
			proxyType = 1;
			remoteGlobalIDString = 3AD2FD0D300E031E00D63C45;
			remoteInfo = MindfulActivityMonitor;
		};
		3AFBAF662E7E9A05009F0990 /* PBXContainerItemProxy */ = {
			isa = PBXContainerItemProxy;
			containerPortal = 3AFBAF152E7E9911009F0990 /* Project object */;
			proxyType = 1;
			remoteGlobalIDString = 3AFBAF5B2E7E9A05009F0990;
			remoteInfo = mindfulReportExtension;
		};
/* End PBXContainerItemProxy section */

/* Begin PBXCopyFilesBuildPhase section */
		3AD2FD1E300E031E00D63C45 /* Embed Foundation Extensions */ = {
			isa = PBXCopyFilesBuildPhase;
			buildActionMask = 2147483647;
			dstPath = "";
			dstSubfolderSpec = 13;
			files = (
				3AD2FD19300E031E00D63C45 /* MindfulActivityMonitor.appex in Embed Foundation Extensions */,
			);
			name = "Embed Foundation Extensions";
			runOnlyForDeploymentPostprocessing = 0;
		};
		3AFBAF6D2E7E9A05009F0990 /* Embed ExtensionKit Extensions */ = {
			isa = PBXCopyFilesBuildPhase;
			buildActionMask = 2147483647;
			dstPath = "$(EXTENSIONS_FOLDER_PATH)";
			dstSubfolderSpec = 16;
			files = (
				3AFBAF682E7E9A05009F0990 /* mindfulReportExtension.appex in Embed ExtensionKit Extensions */,
			);
			name = "Embed ExtensionKit Extensions";
			runOnlyForDeploymentPostprocessing = 0;
		};
/* End PBXCopyFilesBuildPhase section */

/* Begin PBXFileReference section */
		3AD2FD0E300E031E00D63C45 /* MindfulActivityMonitor.appex */ = {isa = PBXFileReference; explicitFileType = "wrapper.app-extension"; includeInIndex = 0; path = MindfulActivityMonitor.appex; sourceTree = BUILT_PRODUCTS_DIR; };
		3AD2FD10300E031E00D63C45 /* DeviceActivity.framework */ = {isa = PBXFileReference; lastKnownFileType = wrapper.framework; name = DeviceActivity.framework; path = System/Library/Frameworks/DeviceActivity.framework; sourceTree = SDKROOT; };
		3AFBAF1D2E7E9911009F0990 /* mindful3.app */ = {isa = PBXFileReference; explicitFileType = wrapper.application; includeInIndex = 0; path = mindful3.app; sourceTree = BUILT_PRODUCTS_DIR; };
		3AFBAF5C2E7E9A05009F0990 /* mindfulReportExtension.appex */ = {isa = PBXFileReference; explicitFileType = "wrapper.extensionkit-extension"; includeInIndex = 0; path = mindfulReportExtension.appex; sourceTree = BUILT_PRODUCTS_DIR; };
/* End PBXFileReference section */

/* Begin PBXFileSystemSynchronizedBuildFileExceptionSet section */
		3AD2FD1D300E031E00D63C45 /* Exceptions for "MindfulActivityMonitor" folder in "MindfulActivityMonitor" target */ = {
			isa = PBXFileSystemSynchronizedBuildFileExceptionSet;
			membershipExceptions = (
				Info.plist,
			);
			target = 3AD2FD0D300E031E00D63C45 /* MindfulActivityMonitor */;
		};
		3AFBAF692E7E9A05009F0990 /* Exceptions for "mindfulReportExtension" folder in "mindfulReportExtension" target */ = {
			isa = PBXFileSystemSynchronizedBuildFileExceptionSet;
			membershipExceptions = (
				Info.plist,
			);
			target = 3AFBAF5B2E7E9A05009F0990 /* mindfulReportExtension */;
		};
		3AFBAF6F2E7E9A47009F0990 /* Exceptions for "mindfulReportExtension" folder in "mindful3" target */ = {
			isa = PBXFileSystemSynchronizedBuildFileExceptionSet;
			membershipExceptions = (
				FriendAppReportView.swift,
				TotalActivityView.swift,
			);
			target = 3AFBAF1C2E7E9911009F0990 /* mindful3 */;
		};
/* End PBXFileSystemSynchronizedBuildFileExceptionSet section */

/* Begin PBXFileSystemSynchronizedRootGroup section */
		3AD2FD12300E031E00D63C45 /* MindfulActivityMonitor */ = {
			isa = PBXFileSystemSynchronizedRootGroup;
			exceptions = (
				3AD2FD1D300E031E00D63C45 /* Exceptions for "MindfulActivityMonitor" folder in "MindfulActivityMonitor" target */,
			);
			path = MindfulActivityMonitor;
			sourceTree = "<group>";
		};
		3AFBAF1F2E7E9911009F0990 /* mindful3 */ = {
			isa = PBXFileSystemSynchronizedRootGroup;
			path = mindful3;
			sourceTree = "<group>";
		};
		3AFBAF5D2E7E9A05009F0990 /* mindfulReportExtension */ = {
			isa = PBXFileSystemSynchronizedRootGroup;
			exceptions = (
				3AFBAF6F2E7E9A47009F0990 /* Exceptions for "mindfulReportExtension" folder in "mindful3" target */,
				3AFBAF692E7E9A05009F0990 /* Exceptions for "mindfulReportExtension" folder in "mindfulReportExtension" target */,
			);
			path = mindfulReportExtension;
			sourceTree = "<group>";
		};
/* End PBXFileSystemSynchronizedRootGroup section */

/* Begin PBXFrameworksBuildPhase section */
		3AD2FD0B300E031E00D63C45 /* Frameworks */ = {
			isa = PBXFrameworksBuildPhase;
			buildActionMask = 2147483647;
			files = (
				3AD2FD11300E031E00D63C45 /* DeviceActivity.framework in Frameworks */,
			);
			runOnlyForDeploymentPostprocessing = 0;
		};
		3AFBAF1A2E7E9911009F0990 /* Frameworks */ = {
			isa = PBXFrameworksBuildPhase;
			buildActionMask = 2147483647;
			files = (
			);
			runOnlyForDeploymentPostprocessing = 0;
		};
		3AFBAF592E7E9A05009F0990 /* Frameworks */ = {
			isa = PBXFrameworksBuildPhase;
			buildActionMask = 2147483647;
			files = (
			);
			runOnlyForDeploymentPostprocessing = 0;
		};
/* End PBXFrameworksBuildPhase section */

/* Begin PBXGroup section */
		3AD2FD0F300E031E00D63C45 /* Frameworks */ = {
			isa = PBXGroup;
			children = (
				3AD2FD10300E031E00D63C45 /* DeviceActivity.framework */,
			);
			name = Frameworks;
			sourceTree = "<group>";
		};
		3AFBAF142E7E9911009F0990 = {
			isa = PBXGroup;
			children = (
				3AFBAF1F2E7E9911009F0990 /* mindful3 */,
				3AFBAF5D2E7E9A05009F0990 /* mindfulReportExtension */,
				3AD2FD12300E031E00D63C45 /* MindfulActivityMonitor */,
				3AD2FD0F300E031E00D63C45 /* Frameworks */,
				3AFBAF1E2E7E9911009F0990 /* Products */,
			);
			sourceTree = "<group>";
		};
		3AFBAF1E2E7E9911009F0990 /* Products */ = {
			isa = PBXGroup;
			children = (
				3AFBAF1D2E7E9911009F0990 /* mindful3.app */,
				3AFBAF5C2E7E9A05009F0990 /* mindfulReportExtension.appex */,
				3AD2FD0E300E031E00D63C45 /* MindfulActivityMonitor.appex */,
			);
			name = Products;
			sourceTree = "<group>";
		};
/* End PBXGroup section */

/* Begin PBXNativeTarget section */
		3AD2FD0D300E031E00D63C45 /* MindfulActivityMonitor */ = {
			isa = PBXNativeTarget;
			buildConfigurationList = 3AD2FD1A300E031E00D63C45 /* Build configuration list for PBXNativeTarget "MindfulActivityMonitor" */;
			buildPhases = (
				3AD2FD0A300E031E00D63C45 /* Sources */,
				3AD2FD0B300E031E00D63C45 /* Frameworks */,
				3AD2FD0C300E031E00D63C45 /* Resources */,
			);
			buildRules = (
			);
			dependencies = (
			);
			fileSystemSynchronizedGroups = (
				3AD2FD12300E031E00D63C45 /* MindfulActivityMonitor */,
			);
			name = MindfulActivityMonitor;
			packageProductDependencies = (
			);
			productName = MindfulActivityMonitor;
			productReference = 3AD2FD0E300E031E00D63C45 /* MindfulActivityMonitor.appex */;
			productType = "com.apple.product-type.app-extension";
		};
		3AFBAF1C2E7E9911009F0990 /* mindful3 */ = {
			isa = PBXNativeTarget;
			buildConfigurationList = 3AFBAF282E7E9911009F0990 /* Build configuration list for PBXNativeTarget "mindful3" */;
			buildPhases = (
				3AFBAF192E7E9911009F0990 /* Sources */,
				3AFBAF1A2E7E9911009F0990 /* Frameworks */,
				3AFBAF1B2E7E9911009F0990 /* Resources */,
				3AFBAF6D2E7E9A05009F0990 /* Embed ExtensionKit Extensions */,
				3AD2FD1E300E031E00D63C45 /* Embed Foundation Extensions */,
			);
			buildRules = (
			);
			dependencies = (
				3AFBAF672E7E9A05009F0990 /* PBXTargetDependency */,
				3AD2FD18300E031E00D63C45 /* PBXTargetDependency */,
			);
			fileSystemSynchronizedGroups = (
				3AFBAF1F2E7E9911009F0990 /* mindful3 */,
			);
			name = mindful3;
			packageProductDependencies = (
			);
			productName = mindful3;
			productReference = 3AFBAF1D2E7E9911009F0990 /* mindful3.app */;
			productType = "com.apple.product-type.application";
		};
		3AFBAF5B2E7E9A05009F0990 /* mindfulReportExtension */ = {
			isa = PBXNativeTarget;
			buildConfigurationList = 3AFBAF6A2E7E9A05009F0990 /* Build configuration list for PBXNativeTarget "mindfulReportExtension" */;
			buildPhases = (
				3AFBAF582E7E9A05009F0990 /* Sources */,
				3AFBAF592E7E9A05009F0990 /* Frameworks */,
				3AFBAF5A2E7E9A05009F0990 /* Resources */,
			);
			buildRules = (
			);
			dependencies = (
			);
			fileSystemSynchronizedGroups = (
				3AFBAF5D2E7E9A05009F0990 /* mindfulReportExtension */,
			);
			name = mindfulReportExtension;
			packageProductDependencies = (
			);
			productName = mindfulReportExtension;
			productReference = 3AFBAF5C2E7E9A05009F0990 /* mindfulReportExtension.appex */;
			productType = "com.apple.product-type.extensionkit-extension";
		};
/* End PBXNativeTarget section */

/* Begin PBXProject section */
		3AFBAF152E7E9911009F0990 /* Project object */ = {
			isa = PBXProject;
			attributes = {
				BuildIndependentTargetsInParallel = 1;
				LastSwiftUpdateCheck = 2600;
				LastUpgradeCheck = 2600;
				TargetAttributes = {
					3AD2FD0D300E031E00D63C45 = {
						CreatedOnToolsVersion = 26.0.1;
					};
					3AFBAF1C2E7E9911009F0990 = {
						CreatedOnToolsVersion = 26.0;
					};
					3AFBAF5B2E7E9A05009F0990 = {
						CreatedOnToolsVersion = 26.0;
					};
				};
			};
			buildConfigurationList = 3AFBAF182E7E9911009F0990 /* Build configuration list for PBXProject "mindful3" */;
			developmentRegion = en;
			hasScannedForEncodings = 0;
			knownRegions = (
				en,
				Base,
			);
			mainGroup = 3AFBAF142E7E9911009F0990;
			minimizedProjectReferenceProxies = 1;
			preferredProjectObjectVersion = 77;
			productRefGroup = 3AFBAF1E2E7E9911009F0990 /* Products */;
			projectDirPath = "";
			projectRoot = "";
			targets = (
				3AFBAF1C2E7E9911009F0990 /* mindful3 */,
				3AFBAF5B2E7E9A05009F0990 /* mindfulReportExtension */,
				3AD2FD0D300E031E00D63C45 /* MindfulActivityMonitor */,
			);
		};
/* End PBXProject section */

/* Begin PBXResourcesBuildPhase section */
		3AD2FD0C300E031E00D63C45 /* Resources */ = {
			isa = PBXResourcesBuildPhase;
			buildActionMask = 2147483647;
			files = (
			);
			runOnlyForDeploymentPostprocessing = 0;
		};
		3AFBAF1B2E7E9911009F0990 /* Resources */ = {
			isa = PBXResourcesBuildPhase;
			buildActionMask = 2147483647;
			files = (
			);
			runOnlyForDeploymentPostprocessing = 0;
		};
		3AFBAF5A2E7E9A05009F0990 /* Resources */ = {
			isa = PBXResourcesBuildPhase;
			buildActionMask = 2147483647;
			files = (
			);
			runOnlyForDeploymentPostprocessing = 0;
		};
/* End PBXResourcesBuildPhase section */

/* Begin PBXSourcesBuildPhase section */
		3AD2FD0A300E031E00D63C45 /* Sources */ = {
			isa = PBXSourcesBuildPhase;
			buildActionMask = 2147483647;
			files = (
			);
			runOnlyForDeploymentPostprocessing = 0;
		};
		3AFBAF192E7E9911009F0990 /* Sources */ = {
			isa = PBXSourcesBuildPhase;
			buildActionMask = 2147483647;
			files = (
			);
			runOnlyForDeploymentPostprocessing = 0;
		};
		3AFBAF582E7E9A05009F0990 /* Sources */ = {
			isa = PBXSourcesBuildPhase;
			buildActionMask = 2147483647;
			files = (
			);
			runOnlyForDeploymentPostprocessing = 0;
		};
/* End PBXSourcesBuildPhase section */

/* Begin PBXTargetDependency section */
		3AD2FD18300E031E00D63C45 /* PBXTargetDependency */ = {
			isa = PBXTargetDependency;
			target = 3AD2FD0D300E031E00D63C45 /* MindfulActivityMonitor */;
			targetProxy = 3AD2FD17300E031E00D63C45 /* PBXContainerItemProxy */;
		};
		3AFBAF672E7E9A05009F0990 /* PBXTargetDependency */ = {
			isa = PBXTargetDependency;
			target = 3AFBAF5B2E7E9A05009F0990 /* mindfulReportExtension */;
			targetProxy = 3AFBAF662E7E9A05009F0990 /* PBXContainerItemProxy */;
		};
/* End PBXTargetDependency section */

/* Begin XCBuildConfiguration section */
		3AD2FD1B300E031E00D63C45 /* Debug */ = {
			isa = XCBuildConfiguration;
			buildSettings = {
				CODE_SIGN_ENTITLEMENTS = MindfulActivityMonitor/MindfulActivityMonitor.entitlements;
				CODE_SIGN_STYLE = Automatic;
				CURRENT_PROJECT_VERSION = 1;
				DEVELOPMENT_TEAM = 9R32S2P574;
				GENERATE_INFOPLIST_FILE = YES;
				INFOPLIST_FILE = MindfulActivityMonitor/Info.plist;
				INFOPLIST_KEY_CFBundleDisplayName = MindfulActivityMonitor;
				INFOPLIST_KEY_NSHumanReadableCopyright = "";
				LD_RUNPATH_SEARCH_PATHS = (
					"$(inherited)",
					"@executable_path/Frameworks",
					"@executable_path/../../Frameworks",
				);
				MARKETING_VERSION = 1.0;
				PRODUCT_BUNDLE_IDENTIFIER = meow.jia.shen.mindful3.MindfulActivityMonitor;
				PRODUCT_NAME = "$(TARGET_NAME)";
				SKIP_INSTALL = YES;
				STRING_CATALOG_GENERATE_SYMBOLS = YES;
				SWIFT_APPROACHABLE_CONCURRENCY = YES;
				SWIFT_EMIT_LOC_STRINGS = YES;
				SWIFT_UPCOMING_FEATURE_MEMBER_IMPORT_VISIBILITY = YES;
				SWIFT_VERSION = 5.0;
				TARGETED_DEVICE_FAMILY = "1,2";
			};
			name = Debug;
		};
		3AD2FD1C300E031E00D63C45 /* Release */ = {
			isa = XCBuildConfiguration;
			buildSettings = {
				CODE_SIGN_ENTITLEMENTS = MindfulActivityMonitor/MindfulActivityMonitor.entitlements;
				CODE_SIGN_STYLE = Automatic;
				CURRENT_PROJECT_VERSION = 1;
				DEVELOPMENT_TEAM = 9R32S2P574;
				GENERATE_INFOPLIST_FILE = YES;
				INFOPLIST_FILE = MindfulActivityMonitor/Info.plist;
				INFOPLIST_KEY_CFBundleDisplayName = MindfulActivityMonitor;
				INFOPLIST_KEY_NSHumanReadableCopyright = "";
				LD_RUNPATH_SEARCH_PATHS = (
					"$(inherited)",
					"@executable_path/Frameworks",
					"@executable_path/../../Frameworks",
				);
				MARKETING_VERSION = 1.0;
				PRODUCT_BUNDLE_IDENTIFIER = meow.jia.shen.mindful3.MindfulActivityMonitor;
				PRODUCT_NAME = "$(TARGET_NAME)";
				SKIP_INSTALL = YES;
				STRING_CATALOG_GENERATE_SYMBOLS = YES;
				SWIFT_APPROACHABLE_CONCURRENCY = YES;
				SWIFT_EMIT_LOC_STRINGS = YES;
				SWIFT_UPCOMING_FEATURE_MEMBER_IMPORT_VISIBILITY = YES;
				SWIFT_VERSION = 5.0;
				TARGETED_DEVICE_FAMILY = "1,2";
			};
			name = Release;
		};
		3AFBAF262E7E9911009F0990 /* Debug */ = {
			isa = XCBuildConfiguration;
			buildSettings = {
				ALWAYS_SEARCH_USER_PATHS = NO;
				ASSETCATALOG_COMPILER_GENERATE_SWIFT_ASSET_SYMBOL_EXTENSIONS = YES;
				CLANG_ANALYZER_NONNULL = YES;
				CLANG_ANALYZER_NUMBER_OBJECT_CONVERSION = YES_AGGRESSIVE;
				CLANG_CXX_LANGUAGE_STANDARD = "gnu++20";
				CLANG_ENABLE_MODULES = YES;
				CLANG_ENABLE_OBJC_ARC = YES;
				CLANG_ENABLE_OBJC_WEAK = YES;
				CLANG_WARN_BLOCK_CAPTURE_AUTORELEASING = YES;
				CLANG_WARN_BOOL_CONVERSION = YES;
				CLANG_WARN_COMMA = YES;
				CLANG_WARN_CONSTANT_CONVERSION = YES;
				CLANG_WARN_DEPRECATED_OBJC_IMPLEMENTATIONS = YES;
				CLANG_WARN_DIRECT_OBJC_ISA_USAGE = YES_ERROR;
				CLANG_WARN_DOCUMENTATION_COMMENTS = YES;
				CLANG_WARN_EMPTY_BODY = YES;
				CLANG_WARN_ENUM_CONVERSION = YES;
				CLANG_WARN_INFINITE_RECURSION = YES;
				CLANG_WARN_INT_CONVERSION = YES;
				CLANG_WARN_NON_LITERAL_NULL_CONVERSION = YES;
				CLANG_WARN_OBJC_IMPLICIT_RETAIN_SELF = YES;
				CLANG_WARN_OBJC_LITERAL_CONVERSION = YES;
				CLANG_WARN_OBJC_ROOT_CLASS = YES_ERROR;
				CLANG_WARN_QUOTED_INCLUDE_IN_FRAMEWORK_HEADER = YES;
				CLANG_WARN_RANGE_LOOP_ANALYSIS = YES;
				CLANG_WARN_STRICT_PROTOTYPES = YES;
				CLANG_WARN_SUSPICIOUS_MOVE = YES;
				CLANG_WARN_UNGUARDED_AVAILABILITY = YES_AGGRESSIVE;
				CLANG_WARN_UNREACHABLE_CODE = YES;
				CLANG_WARN__DUPLICATE_METHOD_MATCH = YES;
				COPY_PHASE_STRIP = NO;
				DEBUG_INFORMATION_FORMAT = dwarf;
				DEVELOPMENT_TEAM = 9R32S2P574;
				ENABLE_STRICT_OBJC_MSGSEND = YES;
				ENABLE_TESTABILITY = YES;
				ENABLE_USER_SCRIPT_SANDBOXING = YES;
				GCC_C_LANGUAGE_STANDARD = gnu17;
				GCC_DYNAMIC_NO_PIC = NO;
				GCC_NO_COMMON_BLOCKS = YES;
				GCC_OPTIMIZATION_LEVEL = 0;
				GCC_PREPROCESSOR_DEFINITIONS = (
					"DEBUG=1",
					"$(inherited)",
				);
				GCC_WARN_64_TO_32_BIT_CONVERSION = YES;
				GCC_WARN_ABOUT_RETURN_TYPE = YES_ERROR;
				GCC_WARN_UNDECLARED_SELECTOR = YES;
				GCC_WARN_UNINITIALIZED_AUTOS = YES_AGGRESSIVE;
				GCC_WARN_UNUSED_FUNCTION = YES;
				GCC_WARN_UNUSED_VARIABLE = YES;
				IPHONEOS_DEPLOYMENT_TARGET = 26.0;
				LOCALIZATION_PREFERS_STRING_CATALOGS = YES;
				MTL_ENABLE_DEBUG_INFO = INCLUDE_SOURCE;
				MTL_FAST_MATH = YES;
				ONLY_ACTIVE_ARCH = YES;
				SDKROOT = iphoneos;
				SWIFT_ACTIVE_COMPILATION_CONDITIONS = "DEBUG $(inherited)";
				SWIFT_OPTIMIZATION_LEVEL = "-Onone";
			};
			name = Debug;
		};
		3AFBAF272E7E9911009F0990 /* Release */ = {
			isa = XCBuildConfiguration;
			buildSettings = {
				ALWAYS_SEARCH_USER_PATHS = NO;
				ASSETCATALOG_COMPILER_GENERATE_SWIFT_ASSET_SYMBOL_EXTENSIONS = YES;
				CLANG_ANALYZER_NONNULL = YES;
				CLANG_ANALYZER_NUMBER_OBJECT_CONVERSION = YES_AGGRESSIVE;
				CLANG_CXX_LANGUAGE_STANDARD = "gnu++20";
				CLANG_ENABLE_MODULES = YES;
				CLANG_ENABLE_OBJC_ARC = YES;
				CLANG_ENABLE_OBJC_WEAK = YES;
				CLANG_WARN_BLOCK_CAPTURE_AUTORELEASING = YES;
				CLANG_WARN_BOOL_CONVERSION = YES;
				CLANG_WARN_COMMA = YES;
				CLANG_WARN_CONSTANT_CONVERSION = YES;
				CLANG_WARN_DEPRECATED_OBJC_IMPLEMENTATIONS = YES;
				CLANG_WARN_DIRECT_OBJC_ISA_USAGE = YES_ERROR;
				CLANG_WARN_DOCUMENTATION_COMMENTS = YES;
				CLANG_WARN_EMPTY_BODY = YES;
				CLANG_WARN_ENUM_CONVERSION = YES;
				CLANG_WARN_INFINITE_RECURSION = YES;
				CLANG_WARN_INT_CONVERSION = YES;
				CLANG_WARN_NON_LITERAL_NULL_CONVERSION = YES;
				CLANG_WARN_OBJC_IMPLICIT_RETAIN_SELF = YES;
				CLANG_WARN_OBJC_LITERAL_CONVERSION = YES;
				CLANG_WARN_OBJC_ROOT_CLASS = YES_ERROR;
				CLANG_WARN_QUOTED_INCLUDE_IN_FRAMEWORK_HEADER = YES;
				CLANG_WARN_RANGE_LOOP_ANALYSIS = YES;
				CLANG_WARN_STRICT_PROTOTYPES = YES;
				CLANG_WARN_SUSPICIOUS_MOVE = YES;
				CLANG_WARN_UNGUARDED_AVAILABILITY = YES_AGGRESSIVE;
				CLANG_WARN_UNREACHABLE_CODE = YES;
				CLANG_WARN__DUPLICATE_METHOD_MATCH = YES;
				COPY_PHASE_STRIP = NO;
				DEBUG_INFORMATION_FORMAT = "dwarf-with-dsym";
				DEVELOPMENT_TEAM = 9R32S2P574;
				ENABLE_NS_ASSERTIONS = NO;
				ENABLE_STRICT_OBJC_MSGSEND = YES;
				ENABLE_USER_SCRIPT_SANDBOXING = YES;
				GCC_C_LANGUAGE_STANDARD = gnu17;
				GCC_NO_COMMON_BLOCKS = YES;
				GCC_WARN_64_TO_32_BIT_CONVERSION = YES;
				GCC_WARN_ABOUT_RETURN_TYPE = YES_ERROR;
				GCC_WARN_UNDECLARED_SELECTOR = YES;
				GCC_WARN_UNINITIALIZED_AUTOS = YES_AGGRESSIVE;
				GCC_WARN_UNUSED_FUNCTION = YES;
				GCC_WARN_UNUSED_VARIABLE = YES;
				IPHONEOS_DEPLOYMENT_TARGET = 26.0;
				LOCALIZATION_PREFERS_STRING_CATALOGS = YES;
				MTL_ENABLE_DEBUG_INFO = NO;
				MTL_FAST_MATH = YES;
				SDKROOT = iphoneos;
				SWIFT_COMPILATION_MODE = wholemodule;
				VALIDATE_PRODUCT = YES;
			};
			name = Release;
		};
		3AFBAF292E7E9911009F0990 /* Debug */ = {
			isa = XCBuildConfiguration;
			buildSettings = {
				ASSETCATALOG_COMPILER_APPICON_NAME = AppIcon;
				ASSETCATALOG_COMPILER_GLOBAL_ACCENT_COLOR_NAME = AccentColor;
				CODE_SIGN_ENTITLEMENTS = mindful3/mindful3.entitlements;
				CODE_SIGN_STYLE = Automatic;
				CURRENT_PROJECT_VERSION = 1;
				DEVELOPMENT_TEAM = 9R32S2P574;
				ENABLE_PREVIEWS = YES;
				GENERATE_INFOPLIST_FILE = YES;
				INFOPLIST_KEY_UIApplicationSceneManifest_Generation = YES;
				INFOPLIST_KEY_UIApplicationSupportsIndirectInputEvents = YES;
				INFOPLIST_KEY_UILaunchScreen_Generation = YES;
				INFOPLIST_KEY_UISupportedInterfaceOrientations_iPad = "UIInterfaceOrientationPortrait UIInterfaceOrientationPortraitUpsideDown UIInterfaceOrientationLandscapeLeft UIInterfaceOrientationLandscapeRight";
				INFOPLIST_KEY_UISupportedInterfaceOrientations_iPhone = "UIInterfaceOrientationPortrait UIInterfaceOrientationLandscapeLeft UIInterfaceOrientationLandscapeRight";
				IPHONEOS_DEPLOYMENT_TARGET = 18.6;
				LD_RUNPATH_SEARCH_PATHS = (
					"$(inherited)",
					"@executable_path/Frameworks",
				);
				MARKETING_VERSION = 1.0;
				PRODUCT_BUNDLE_IDENTIFIER = meow.jia.shen.mindful3;
				PRODUCT_NAME = "$(TARGET_NAME)";
				STRING_CATALOG_GENERATE_SYMBOLS = YES;
				SUPPORTED_PLATFORMS = "iphoneos iphonesimulator";
				SUPPORTS_MACCATALYST = NO;
				SUPPORTS_MAC_DESIGNED_FOR_IPHONE_IPAD = NO;
				SUPPORTS_XR_DESIGNED_FOR_IPHONE_IPAD = NO;
				SWIFT_APPROACHABLE_CONCURRENCY = YES;
				SWIFT_DEFAULT_ACTOR_ISOLATION = MainActor;
				SWIFT_EMIT_LOC_STRINGS = YES;
				SWIFT_UPCOMING_FEATURE_MEMBER_IMPORT_VISIBILITY = YES;
				SWIFT_VERSION = 5.0;
				TARGETED_DEVICE_FAMILY = 1;
			};
			name = Debug;
		};
		3AFBAF2A2E7E9911009F0990 /* Release */ = {
			isa = XCBuildConfiguration;
			buildSettings = {
				ASSETCATALOG_COMPILER_APPICON_NAME = AppIcon;
				ASSETCATALOG_COMPILER_GLOBAL_ACCENT_COLOR_NAME = AccentColor;
				CODE_SIGN_ENTITLEMENTS = mindful3/mindful3.entitlements;
				CODE_SIGN_STYLE = Automatic;
				CURRENT_PROJECT_VERSION = 1;
				DEVELOPMENT_TEAM = 9R32S2P574;
				ENABLE_PREVIEWS = YES;
				GENERATE_INFOPLIST_FILE = YES;
				INFOPLIST_KEY_UIApplicationSceneManifest_Generation = YES;
				INFOPLIST_KEY_UIApplicationSupportsIndirectInputEvents = YES;
				INFOPLIST_KEY_UILaunchScreen_Generation = YES;
				INFOPLIST_KEY_UISupportedInterfaceOrientations_iPad = "UIInterfaceOrientationPortrait UIInterfaceOrientationPortraitUpsideDown UIInterfaceOrientationLandscapeLeft UIInterfaceOrientationLandscapeRight";
				INFOPLIST_KEY_UISupportedInterfaceOrientations_iPhone = "UIInterfaceOrientationPortrait UIInterfaceOrientationLandscapeLeft UIInterfaceOrientationLandscapeRight";
				IPHONEOS_DEPLOYMENT_TARGET = 18.6;
				LD_RUNPATH_SEARCH_PATHS = (
					"$(inherited)",
					"@executable_path/Frameworks",
				);
				MARKETING_VERSION = 1.0;
				PRODUCT_BUNDLE_IDENTIFIER = meow.jia.shen.mindful3;
				PRODUCT_NAME = "$(TARGET_NAME)";
				STRING_CATALOG_GENERATE_SYMBOLS = YES;
				SUPPORTED_PLATFORMS = "iphoneos iphonesimulator";
				SUPPORTS_MACCATALYST = NO;
				SUPPORTS_MAC_DESIGNED_FOR_IPHONE_IPAD = NO;
				SUPPORTS_XR_DESIGNED_FOR_IPHONE_IPAD = NO;
				SWIFT_APPROACHABLE_CONCURRENCY = YES;
				SWIFT_DEFAULT_ACTOR_ISOLATION = MainActor;
				SWIFT_EMIT_LOC_STRINGS = YES;
				SWIFT_UPCOMING_FEATURE_MEMBER_IMPORT_VISIBILITY = YES;
				SWIFT_VERSION = 5.0;
				TARGETED_DEVICE_FAMILY = 1;
			};
			name = Release;
		};
		3AFBAF6B2E7E9A05009F0990 /* Debug */ = {
			isa = XCBuildConfiguration;
			buildSettings = {
				CODE_SIGN_ENTITLEMENTS = mindfulReportExtension/mindfulReportExtension.entitlements;
				CODE_SIGN_STYLE = Automatic;
				CURRENT_PROJECT_VERSION = 1;
				DEVELOPMENT_TEAM = 9R32S2P574;
				GENERATE_INFOPLIST_FILE = YES;
				INFOPLIST_FILE = mindfulReportExtension/Info.plist;
				INFOPLIST_KEY_CFBundleDisplayName = mindfulReportExtension;
				INFOPLIST_KEY_NSHumanReadableCopyright = "";
				IPHONEOS_DEPLOYMENT_TARGET = 18.6;
				LD_RUNPATH_SEARCH_PATHS = (
					"$(inherited)",
					"@executable_path/Frameworks",
					"@executable_path/../../Frameworks",
				);
				MARKETING_VERSION = 1.0;
				PRODUCT_BUNDLE_IDENTIFIER = meow.jia.shen.mindful3.mindfulReportExtension;
				PRODUCT_NAME = "$(TARGET_NAME)";
				SKIP_INSTALL = YES;
				STRING_CATALOG_GENERATE_SYMBOLS = YES;
				SWIFT_APPROACHABLE_CONCURRENCY = YES;
				SWIFT_EMIT_LOC_STRINGS = YES;
				SWIFT_UPCOMING_FEATURE_MEMBER_IMPORT_VISIBILITY = YES;
				SWIFT_VERSION = 5.0;
				TARGETED_DEVICE_FAMILY = "1,2";
			};
			name = Debug;
		};
		3AFBAF6C2E7E9A05009F0990 /* Release */ = {
			isa = XCBuildConfiguration;
			buildSettings = {
				CODE_SIGN_ENTITLEMENTS = mindfulReportExtension/mindfulReportExtension.entitlements;
				CODE_SIGN_STYLE = Automatic;
				CURRENT_PROJECT_VERSION = 1;
				DEVELOPMENT_TEAM = 9R32S2P574;
				GENERATE_INFOPLIST_FILE = YES;
				INFOPLIST_FILE = mindfulReportExtension/Info.plist;
				INFOPLIST_KEY_CFBundleDisplayName = mindfulReportExtension;
				INFOPLIST_KEY_NSHumanReadableCopyright = "";
				IPHONEOS_DEPLOYMENT_TARGET = 18.6;
				LD_RUNPATH_SEARCH_PATHS = (
					"$(inherited)",
					"@executable_path/Frameworks",
					"@executable_path/../../Frameworks",
				);
				MARKETING_VERSION = 1.0;
				PRODUCT_BUNDLE_IDENTIFIER = meow.jia.shen.mindful3.mindfulReportExtension;
				PRODUCT_NAME = "$(TARGET_NAME)";
				SKIP_INSTALL = YES;
				STRING_CATALOG_GENERATE_SYMBOLS = YES;
				SWIFT_APPROACHABLE_CONCURRENCY = YES;
				SWIFT_EMIT_LOC_STRINGS = YES;
				SWIFT_UPCOMING_FEATURE_MEMBER_IMPORT_VISIBILITY = YES;
				SWIFT_VERSION = 5.0;
				TARGETED_DEVICE_FAMILY = "1,2";
			};
			name = Release;
		};
/* End XCBuildConfiguration section */

/* Begin XCConfigurationList section */
		3AD2FD1A300E031E00D63C45 /* Build configuration list for PBXNativeTarget "MindfulActivityMonitor" */ = {
			isa = XCConfigurationList;
			buildConfigurations = (
				3AD2FD1B300E031E00D63C45 /* Debug */,
				3AD2FD1C300E031E00D63C45 /* Release */,
			);
			defaultConfigurationIsVisible = 0;
			defaultConfigurationName = Release;
		};
		3AFBAF182E7E9911009F0990 /* Build configuration list for PBXProject "mindful3" */ = {
			isa = XCConfigurationList;
			buildConfigurations = (
				3AFBAF262E7E9911009F0990 /* Debug */,
				3AFBAF272E7E9911009F0990 /* Release */,
			);
			defaultConfigurationIsVisible = 0;
			defaultConfigurationName = Release;
		};
		3AFBAF282E7E9911009F0990 /* Build configuration list for PBXNativeTarget "mindful3" */ = {
			isa = XCConfigurationList;
			buildConfigurations = (
				3AFBAF292E7E9911009F0990 /* Debug */,
				3AFBAF2A2E7E9911009F0990 /* Release */,
			);
			defaultConfigurationIsVisible = 0;
			defaultConfigurationName = Release;
		};
		3AFBAF6A2E7E9A05009F0990 /* Build configuration list for PBXNativeTarget "mindfulReportExtension" */ = {
			isa = XCConfigurationList;
			buildConfigurations = (
				3AFBAF6B2E7E9A05009F0990 /* Debug */,
				3AFBAF6C2E7E9A05009F0990 /* Release */,
			);
			defaultConfigurationIsVisible = 0;
			defaultConfigurationName = Release;
		};
/* End XCConfigurationList section */
	};
	rootObject = 3AFBAF152E7E9911009F0990 /* Project object */;
}
